
Microsoft Visual Studio Solution File, Format Version 12.00
# Visual Studio Version 17
VisualStudioVersion = 17.4.33103.184
MinimumVisualStudioVersion = 10.0.40219.1
Project("{E53339B2-1760-4266-BCC7-CA923CBCF16C}") = "docker-compose", "docker-compose.dcproj", "{379759C1-82FB-41A9-985A-244CAAFD4633}"
EndProject
Project("{9A19103F-16F7-4668-BE54-9A1E7A4F7556}") = "ApiGateway", "ApiGateway\ApiGateway.csproj", "{22F30A42-0E4B-4999-AEB4-4B07D1845E01}"
EndProject
Project("{9A19103F-16F7-4668-BE54-9A1E7A4F7556}") = "AutorisationService", "Services\AutorisationService\AutorisationService.csproj", "{C58AB68E-F0AA-4A0E-84A1-C5DBD56AB87F}"
EndProject
Project("{9A19103F-16F7-4668-BE54-9A1E7A4F7556}") = "GameSerivce", "Services\GameSerivce\GameSerivce.csproj", "{EE0E481E-8362-4CAD-93C1-44A345988577}"
EndProject
Project("{9A19103F-16F7-4668-BE54-9A1E7A4F7556}") = "ProfileService", "Services\ProfileService\ProfileService.csproj", "{BFF225B5-FA60-4B72-994E-BD3AFD007A9B}"
EndProject
Project("{9A19103F-16F7-4668-BE54-9A1E7A4F7556}") = "RatingService", "Services\RatingService\RatingService.csproj", "{26B023D5-C6CA-45C6-8E30-35B1C8BE3647}"
EndProject
Project("{2150E333-8FDC-42A3-9474-1A3956D46DE8}") = "ApiGateway", "ApiGateway", "{EF9DB7C0-5DED-4E6E-9836-3C2BC9037B5B}"
EndProject
Project("{2150E333-8FDC-42A3-9474-1A3956D46DE8}") = "Services", "Services", "{DE834142-9EF7-4401-B34C-BA6E55D81AE9}"
EndProject
Global
	GlobalSection(SolutionConfigurationPlatforms) = preSolution
		Debug|Any CPU = Debug|Any CPU
		Release|Any CPU = Release|Any CPU
	EndGlobalSection
	GlobalSection(ProjectConfigurationPlatforms) = postSolution
		{379759C1-82FB-41A9-985A-244CAAFD4633}.Debug|Any CPU.ActiveCfg = Debug|Any CPU
		{379759C1-82FB-41A9-985A-244CAAFD4633}.Debug|Any CPU.Build.0 = Debug|Any CPU
		{379759C1-82FB-41A9-985A-244CAAFD4633}.Release|Any CPU.ActiveCfg = Release|Any CPU
		{379759C1-82FB-41A9-985A-244CAAFD4633}.Release|Any CPU.Build.0 = Release|Any CPU
		{22F30A42-0E4B-4999-AEB4-4B07D1845E01}.Debug|Any CPU.ActiveCfg = Debug|Any CPU
		{22F30A42-0E4B-4999-AEB4-4B07D1845E01}.Debug|Any CPU.Build.0 = Debug|Any CPU
		{22F30A42-0E4B-4999-AEB4-4B07D1845E01}.Release|Any CPU.ActiveCfg = Release|Any CPU
		{22F30A42-0E4B-4999-AEB4-4B07D1845E01}.Release|Any CPU.Build.0 = Release|Any CPU
		{C58AB68E-F0AA-4A0E-84A1-C5DBD56AB87F}.Debug|Any CPU.ActiveCfg = Debug|Any CPU
		{C58AB68E-F0AA-4A0E-84A1-C5DBD56AB87F}.Debug|Any CPU.Build.0 = Debug|Any CPU
		{C58AB68E-F0AA-4A0E-84A1-C5DBD56AB87F}.Release|Any CPU.ActiveCfg = Release|Any CPU
		{C58AB68E-F0AA-4A0E-84A1-C5DBD56AB87F}.Release|Any CPU.Build.0 = Release|Any CPU
		{EE0E481E-8362-4CAD-93C1-44A345988577}.Debug|Any CPU.ActiveCfg = Debug|Any CPU
		{EE0E481E-8362-4CAD-93C1-44A345988577}.Debug|Any CPU.Build.0 = Debug|Any CPU
		{EE0E481E-8362-4CAD-93C1-44A345988577}.Release|Any CPU.ActiveCfg = Release|Any CPU
		{EE0E481E-8362-4CAD-93C1-44A345988577}.Release|Any CPU.Build.0 = Release|Any CPU
		{BFF225B5-FA60-4B72-994E-BD3AFD007A9B}.Debug|Any CPU.ActiveCfg = Debug|Any CPU
		{BFF225B5-FA60-4B72-994E-BD3AFD007A9B}.Debug|Any CPU.Build.0 = Debug|Any CPU
		{BFF225B5-FA60-4B72-994E-BD3AFD007A9B}.Release|Any CPU.ActiveCfg = Release|Any CPU
		{BFF225B5-FA60-4B72-994E-BD3AFD007A9B}.Release|Any CPU.Build.0 = Release|Any CPU
		{26B023D5-C6CA-45C6-8E30-35B1C8BE3647}.Debug|Any CPU.ActiveCfg = Debug|Any CPU
		{26B023D5-C6CA-45C6-8E30-35B1C8BE3647}.Debug|Any CPU.Build.0 = Debug|Any CPU
		{26B023D5-C6CA-45C6-8E30-35B1C8BE3647}.Release|Any CPU.ActiveCfg = Release|Any CPU
		{26B023D5-C6CA-45C6-8E30-35B1C8BE3647}.Release|Any CPU.Build.0 = Release|Any CPU
	EndGlobalSection
	GlobalSection(SolutionProperties) = preSolution
		HideSolutionNode = FALSE
	EndGlobalSection
	GlobalSection(NestedProjects) = preSolution
		{22F30A42-0E4B-4999-AEB4-4B07D1845E01} = {EF9DB7C0-5DED-4E6E-9836-3C2BC9037B5B}
		{C58AB68E-F0AA-4A0E-84A1-C5DBD56AB87F} = {DE834142-9EF7-4401-B34C-BA6E55D81AE9}
		{EE0E481E-8362-4CAD-93C1-44A345988577} = {DE834142-9EF7-4401-B34C-BA6E55D81AE9}
		{BFF225B5-FA60-4B72-994E-BD3AFD007A9B} = {DE834142-9EF7-4401-B34C-BA6E55D81AE9}
		{26B023D5-C6CA-45C6-8E30-35B1C8BE3647} = {DE834142-9EF7-4401-B34C-BA6E55D81AE9}
	EndGlobalSection
	GlobalSection(ExtensibilityGlobals) = postSolution
		SolutionGuid = {FDE7BE51-F30E-49EB-A6DE-25DB202462B2}
	EndGlobalSection
EndGlobal
