
Microsoft Visual Studio Solution File, Format Version 12.00
# Visual Studio Version 17
VisualStudioVersion = 17.4.33103.184
MinimumVisualStudioVersion = 10.0.40219.1
Project("{2150E333-8FDC-42A3-9474-1A3956D46DE8}") = "Services", "Services", "{52E307C4-FAB2-44E3-8AB7-87E3A8473DBD}"
EndProject
Project("{9A19103F-16F7-4668-BE54-9A1E7A4F7556}") = "AutorisationService", "AutorisationService\AutorisationService.csproj", "{074BB839-E555-466C-AEB3-8C952298346D}"
EndProject
Project("{9A19103F-16F7-4668-BE54-9A1E7A4F7556}") = "ProfileService", "ProfileService\ProfileService.csproj", "{2E495F02-61E7-4A01-AF8D-A83BE09E5B86}"
EndProject
Project("{9A19103F-16F7-4668-BE54-9A1E7A4F7556}") = "GameSerivce", "GameSerivce\GameSerivce.csproj", "{5738BAEE-F721-4EA5-8DED-924D92798319}"
EndProject
Project("{9A19103F-16F7-4668-BE54-9A1E7A4F7556}") = "RatingService", "RatingService\RatingService.csproj", "{FA9964DB-4EEA-467B-A1F9-191AE441EA0A}"
EndProject
Project("{E53339B2-1760-4266-BCC7-CA923CBCF16C}") = "docker-compose", "docker-compose.dcproj", "{379759C1-82FB-41A9-985A-244CAAFD4633}"
EndProject
Global
	GlobalSection(SolutionConfigurationPlatforms) = preSolution
		Debug|Any CPU = Debug|Any CPU
		Release|Any CPU = Release|Any CPU
	EndGlobalSection
	GlobalSection(ProjectConfigurationPlatforms) = postSolution
		{074BB839-E555-466C-AEB3-8C952298346D}.Debug|Any CPU.ActiveCfg = Debug|Any CPU
		{074BB839-E555-466C-AEB3-8C952298346D}.Debug|Any CPU.Build.0 = Debug|Any CPU
		{074BB839-E555-466C-AEB3-8C952298346D}.Release|Any CPU.ActiveCfg = Release|Any CPU
		{074BB839-E555-466C-AEB3-8C952298346D}.Release|Any CPU.Build.0 = Release|Any CPU
		{2E495F02-61E7-4A01-AF8D-A83BE09E5B86}.Debug|Any CPU.ActiveCfg = Debug|Any CPU
		{2E495F02-61E7-4A01-AF8D-A83BE09E5B86}.Debug|Any CPU.Build.0 = Debug|Any CPU
		{2E495F02-61E7-4A01-AF8D-A83BE09E5B86}.Release|Any CPU.ActiveCfg = Release|Any CPU
		{2E495F02-61E7-4A01-AF8D-A83BE09E5B86}.Release|Any CPU.Build.0 = Release|Any CPU
		{5738BAEE-F721-4EA5-8DED-924D92798319}.Debug|Any CPU.ActiveCfg = Debug|Any CPU
		{5738BAEE-F721-4EA5-8DED-924D92798319}.Debug|Any CPU.Build.0 = Debug|Any CPU
		{5738BAEE-F721-4EA5-8DED-924D92798319}.Release|Any CPU.ActiveCfg = Release|Any CPU
		{5738BAEE-F721-4EA5-8DED-924D92798319}.Release|Any CPU.Build.0 = Release|Any CPU
		{FA9964DB-4EEA-467B-A1F9-191AE441EA0A}.Debug|Any CPU.ActiveCfg = Debug|Any CPU
		{FA9964DB-4EEA-467B-A1F9-191AE441EA0A}.Debug|Any CPU.Build.0 = Debug|Any CPU
		{FA9964DB-4EEA-467B-A1F9-191AE441EA0A}.Release|Any CPU.ActiveCfg = Release|Any CPU
		{FA9964DB-4EEA-467B-A1F9-191AE441EA0A}.Release|Any CPU.Build.0 = Release|Any CPU
		{379759C1-82FB-41A9-985A-244CAAFD4633}.Debug|Any CPU.ActiveCfg = Debug|Any CPU
		{379759C1-82FB-41A9-985A-244CAAFD4633}.Debug|Any CPU.Build.0 = Debug|Any CPU
		{379759C1-82FB-41A9-985A-244CAAFD4633}.Release|Any CPU.ActiveCfg = Release|Any CPU
		{379759C1-82FB-41A9-985A-244CAAFD4633}.Release|Any CPU.Build.0 = Release|Any CPU
	EndGlobalSection
	GlobalSection(SolutionProperties) = preSolution
		HideSolutionNode = FALSE
	EndGlobalSection
	GlobalSection(NestedProjects) = preSolution
		{074BB839-E555-466C-AEB3-8C952298346D} = {52E307C4-FAB2-44E3-8AB7-87E3A8473DBD}
		{2E495F02-61E7-4A01-AF8D-A83BE09E5B86} = {52E307C4-FAB2-44E3-8AB7-87E3A8473DBD}
		{5738BAEE-F721-4EA5-8DED-924D92798319} = {52E307C4-FAB2-44E3-8AB7-87E3A8473DBD}
		{FA9964DB-4EEA-467B-A1F9-191AE441EA0A} = {52E307C4-FAB2-44E3-8AB7-87E3A8473DBD}
	EndGlobalSection
	GlobalSection(ExtensibilityGlobals) = postSolution
		SolutionGuid = {FDE7BE51-F30E-49EB-A6DE-25DB202462B2}
	EndGlobalSection
EndGlobal
